{
  "name": "node-red-contrib-biotools",
  "version": "0.0.39",
  "lockfileVersion": 2,
  "requires": true,
  "packages": {
    "": {
      "name": "node-red-contrib-biotools",
      "version": "0.0.39",
      "license": "GNU",
      "dependencies": {
        "wunsch": "^1.0.2"
      }
    },
    "node_modules/split": {
      "version": "0.3.3",
      "resolved": "https://registry.npmjs.org/split/-/split-0.3.3.tgz",
      "integrity": "sha1-zQ7qXmOiEd//frDwkcQTPi0N0o8=",
      "dependencies": {
        "through": "2"
      },
      "engines": {
        "node": "*"
      }
    },
    "node_modules/through": {
      "version": "2.3.8",
      "resolved": "https://registry.npmjs.org/through/-/through-2.3.8.tgz",
      "integrity": "sha1-DdTJ/6q8NXlgsbckEV1+Doai4fU="
    },
    "node_modules/wunsch": {
      "version": "1.0.2",
      "resolved": "https://registry.npmjs.org/wunsch/-/wunsch-1.0.2.tgz",
      "integrity": "sha1-P2TekZYQFuVCviWdfPrBWgdSIVc=",
      "dependencies": {
        "split": "^0.3.0"
      },
      "bin": {
        "wunsch": "index.js"
      }
    }
  },
  "dependencies": {
    "split": {
      "version": "0.3.3",
      "resolved": "https://registry.npmjs.org/split/-/split-0.3.3.tgz",
      "integrity": "sha1-zQ7qXmOiEd//frDwkcQTPi0N0o8=",
      "requires": {
        "through": "2"
      }
    },
    "through": {
      "version": "2.3.8",
      "resolved": "https://registry.npmjs.org/through/-/through-2.3.8.tgz",
      "integrity": "sha1-DdTJ/6q8NXlgsbckEV1+Doai4fU="
    },
    "wunsch": {
      "version": "1.0.2",
      "resolved": "https://registry.npmjs.org/wunsch/-/wunsch-1.0.2.tgz",
      "integrity": "sha1-P2TekZYQFuVCviWdfPrBWgdSIVc=",
      "requires": {
        "split": "^0.3.0"
      }
    }
  }
}
